
Microsoft Visual Studio Solution File, Format Version 12.00
# Visual Studio Version 17
VisualStudioVersion = 17.14.36401.2 d17.14
MinimumVisualStudioVersion = 10.0.40219.1
Project("{FAE04EC0-301F-11D3-BF4B-00C04F79EFBC}") = "Baitap1", "Baitap1\Baitap1.csproj", "{47BEB998-7404-4CC8-926F-4C596C91F213}"
EndProject
Global
	GlobalSection(SolutionConfigurationPlatforms) = preSolution
		Debug|Any CPU = Debug|Any CPU
		Release|Any CPU = Release|Any CPU
	EndGlobalSection
	GlobalSection(ProjectConfigurationPlatforms) = postSolution
		{47BEB998-7404-4CC8-926F-4C596C91F213}.Debug|Any CPU.ActiveCfg = Debug|Any CPU
		{47BEB998-7404-4CC8-926F-4C596C91F213}.Debug|Any CPU.Build.0 = Debug|Any CPU
		{47BEB998-7404-4CC8-926F-4C596C91F213}.Release|Any CPU.ActiveCfg = Release|Any CPU
		{47BEB998-7404-4CC8-926F-4C596C91F213}.Release|Any CPU.Build.0 = Release|Any CPU
	EndGlobalSection
	GlobalSection(SolutionProperties) = preSolution
		HideSolutionNode = FALSE
	EndGlobalSection
	GlobalSection(ExtensibilityGlobals) = postSolution
		SolutionGuid = {CCA9969A-0CEF-4AEA-B524-BC71AFC787AF}
	EndGlobalSection
EndGlobal
