
Microsoft Visual Studio Solution File, Format Version 12.00
# Visual Studio Version 17
VisualStudioVersion = 17.14.36401.2 d17.14
MinimumVisualStudioVersion = 10.0.40219.1
Project("{FAE04EC0-301F-11D3-BF4B-00C04F79EFBC}") = "Baitap3_01", "Baitap3_01\Baitap3_01.csproj", "{23F18D94-05BC-4E43-9ADA-ECF2873A18D5}"
EndProject
Global
	GlobalSection(SolutionConfigurationPlatforms) = preSolution
		Debug|Any CPU = Debug|Any CPU
		Release|Any CPU = Release|Any CPU
	EndGlobalSection
	GlobalSection(ProjectConfigurationPlatforms) = postSolution
		{23F18D94-05BC-4E43-9ADA-ECF2873A18D5}.Debug|Any CPU.ActiveCfg = Debug|Any CPU
		{23F18D94-05BC-4E43-9ADA-ECF2873A18D5}.Debug|Any CPU.Build.0 = Debug|Any CPU
		{23F18D94-05BC-4E43-9ADA-ECF2873A18D5}.Release|Any CPU.ActiveCfg = Release|Any CPU
		{23F18D94-05BC-4E43-9ADA-ECF2873A18D5}.Release|Any CPU.Build.0 = Release|Any CPU
	EndGlobalSection
	GlobalSection(SolutionProperties) = preSolution
		HideSolutionNode = FALSE
	EndGlobalSection
	GlobalSection(ExtensibilityGlobals) = postSolution
		SolutionGuid = {76F39AD1-A93E-438F-8AE3-4165A6DBB5E6}
	EndGlobalSection
EndGlobal
