
Microsoft Visual Studio Solution File, Format Version 12.00
# Visual Studio Version 17
VisualStudioVersion = 17.14.36401.2 d17.14
MinimumVisualStudioVersion = 10.0.40219.1
Project("{FAE04EC0-301F-11D3-BF4B-00C04F79EFBC}") = "Baitap2", "Baitap2\Baitap2.csproj", "{31F63DF6-A485-463D-9F97-801C97E894DB}"
EndProject
Global
	GlobalSection(SolutionConfigurationPlatforms) = preSolution
		Debug|Any CPU = Debug|Any CPU
		Release|Any CPU = Release|Any CPU
	EndGlobalSection
	GlobalSection(ProjectConfigurationPlatforms) = postSolution
		{31F63DF6-A485-463D-9F97-801C97E894DB}.Debug|Any CPU.ActiveCfg = Debug|Any CPU
		{31F63DF6-A485-463D-9F97-801C97E894DB}.Debug|Any CPU.Build.0 = Debug|Any CPU
		{31F63DF6-A485-463D-9F97-801C97E894DB}.Release|Any CPU.ActiveCfg = Release|Any CPU
		{31F63DF6-A485-463D-9F97-801C97E894DB}.Release|Any CPU.Build.0 = Release|Any CPU
	EndGlobalSection
	GlobalSection(SolutionProperties) = preSolution
		HideSolutionNode = FALSE
	EndGlobalSection
	GlobalSection(ExtensibilityGlobals) = postSolution
		SolutionGuid = {B22F28B2-4857-41D1-B211-51F20AF8201F}
	EndGlobalSection
EndGlobal
