
Microsoft Visual Studio Solution File, Format Version 12.00
# Visual Studio Version 17
VisualStudioVersion = 17.14.36401.2 d17.14
MinimumVisualStudioVersion = 10.0.40219.1
Project("{FAE04EC0-301F-11D3-BF4B-00C04F79EFBC}") = "1.2_LopHCN", "1.2_LopHCN\1.2_LopHCN.csproj", "{60C4B443-164C-4D9C-B972-9CA09F735B8E}"
EndProject
Global
	GlobalSection(SolutionConfigurationPlatforms) = preSolution
		Debug|Any CPU = Debug|Any CPU
		Release|Any CPU = Release|Any CPU
	EndGlobalSection
	GlobalSection(ProjectConfigurationPlatforms) = postSolution
		{60C4B443-164C-4D9C-B972-9CA09F735B8E}.Debug|Any CPU.ActiveCfg = Debug|Any CPU
		{60C4B443-164C-4D9C-B972-9CA09F735B8E}.Debug|Any CPU.Build.0 = Debug|Any CPU
		{60C4B443-164C-4D9C-B972-9CA09F735B8E}.Release|Any CPU.ActiveCfg = Release|Any CPU
		{60C4B443-164C-4D9C-B972-9CA09F735B8E}.Release|Any CPU.Build.0 = Release|Any CPU
	EndGlobalSection
	GlobalSection(SolutionProperties) = preSolution
		HideSolutionNode = FALSE
	EndGlobalSection
	GlobalSection(ExtensibilityGlobals) = postSolution
		SolutionGuid = {C5A23EA4-E731-46E3-9A44-EC083C4E77AB}
	EndGlobalSection
EndGlobal
