
Microsoft Visual Studio Solution File, Format Version 12.00
# Visual Studio Version 17
VisualStudioVersion = 17.14.36401.2 d17.14
MinimumVisualStudioVersion = 10.0.40219.1
Project("{FAE04EC0-301F-11D3-BF4B-00C04F79EFBC}") = "WF_MenuMonAn", "WF_MenuMonAn\WF_MenuMonAn.csproj", "{D3054BCD-85E4-41E4-8E11-9A7CFA8C1CE6}"
EndProject
Global
	GlobalSection(SolutionConfigurationPlatforms) = preSolution
		Debug|Any CPU = Debug|Any CPU
		Release|Any CPU = Release|Any CPU
	EndGlobalSection
	GlobalSection(ProjectConfigurationPlatforms) = postSolution
		{D3054BCD-85E4-41E4-8E11-9A7CFA8C1CE6}.Debug|Any CPU.ActiveCfg = Debug|Any CPU
		{D3054BCD-85E4-41E4-8E11-9A7CFA8C1CE6}.Debug|Any CPU.Build.0 = Debug|Any CPU
		{D3054BCD-85E4-41E4-8E11-9A7CFA8C1CE6}.Release|Any CPU.ActiveCfg = Release|Any CPU
		{D3054BCD-85E4-41E4-8E11-9A7CFA8C1CE6}.Release|Any CPU.Build.0 = Release|Any CPU
	EndGlobalSection
	GlobalSection(SolutionProperties) = preSolution
		HideSolutionNode = FALSE
	EndGlobalSection
	GlobalSection(ExtensibilityGlobals) = postSolution
		SolutionGuid = {8EA8F34B-015E-4436-939F-ECD130C1AB6C}
	EndGlobalSection
EndGlobal
