
Microsoft Visual Studio Solution File, Format Version 12.00
# Visual Studio Version 17
VisualStudioVersion = 17.14.36401.2 d17.14
MinimumVisualStudioVersion = 10.0.40219.1
Project("{FAE04EC0-301F-11D3-BF4B-00C04F79EFBC}") = "WF_MyVietlott", "WF_MyVietlott\WF_MyVietlott.csproj", "{528AE388-076A-40B0-B97C-6D433F71646C}"
EndProject
Global
	GlobalSection(SolutionConfigurationPlatforms) = preSolution
		Debug|Any CPU = Debug|Any CPU
		Release|Any CPU = Release|Any CPU
	EndGlobalSection
	GlobalSection(ProjectConfigurationPlatforms) = postSolution
		{528AE388-076A-40B0-B97C-6D433F71646C}.Debug|Any CPU.ActiveCfg = Debug|Any CPU
		{528AE388-076A-40B0-B97C-6D433F71646C}.Debug|Any CPU.Build.0 = Debug|Any CPU
		{528AE388-076A-40B0-B97C-6D433F71646C}.Release|Any CPU.ActiveCfg = Release|Any CPU
		{528AE388-076A-40B0-B97C-6D433F71646C}.Release|Any CPU.Build.0 = Release|Any CPU
	EndGlobalSection
	GlobalSection(SolutionProperties) = preSolution
		HideSolutionNode = FALSE
	EndGlobalSection
	GlobalSection(ExtensibilityGlobals) = postSolution
		SolutionGuid = {747C6FF3-6FA5-40F1-9C04-96ECECFC828E}
	EndGlobalSection
EndGlobal
