
Microsoft Visual Studio Solution File, Format Version 12.00
# Visual Studio Version 17
VisualStudioVersion = 17.14.36401.2 d17.14
MinimumVisualStudioVersion = 10.0.40219.1
Project("{FAE04EC0-301F-11D3-BF4B-00C04F79EFBC}") = "WFGIAIPTBAC2", "WFGIAIPTBAC2\WFGIAIPTBAC2.csproj", "{9A7B0DA9-932C-4F2F-8483-6D0D603C7D07}"
EndProject
Global
	GlobalSection(SolutionConfigurationPlatforms) = preSolution
		Debug|Any CPU = Debug|Any CPU
		Release|Any CPU = Release|Any CPU
	EndGlobalSection
	GlobalSection(ProjectConfigurationPlatforms) = postSolution
		{9A7B0DA9-932C-4F2F-8483-6D0D603C7D07}.Debug|Any CPU.ActiveCfg = Debug|Any CPU
		{9A7B0DA9-932C-4F2F-8483-6D0D603C7D07}.Debug|Any CPU.Build.0 = Debug|Any CPU
		{9A7B0DA9-932C-4F2F-8483-6D0D603C7D07}.Release|Any CPU.ActiveCfg = Release|Any CPU
		{9A7B0DA9-932C-4F2F-8483-6D0D603C7D07}.Release|Any CPU.Build.0 = Release|Any CPU
	EndGlobalSection
	GlobalSection(SolutionProperties) = preSolution
		HideSolutionNode = FALSE
	EndGlobalSection
	GlobalSection(ExtensibilityGlobals) = postSolution
		SolutionGuid = {64C41B9C-EE3C-4836-90A5-07357469CE04}
	EndGlobalSection
EndGlobal
