
Microsoft Visual Studio Solution File, Format Version 12.00
# Visual Studio Version 17
VisualStudioVersion = 17.14.36401.2 d17.14
MinimumVisualStudioVersion = 10.0.40219.1
Project("{FAE04EC0-301F-11D3-BF4B-00C04F79EFBC}") = "WF_ClassSinhVien", "WF_ClassSinhVien\WF_ClassSinhVien.csproj", "{D026193D-36C9-43D7-B3C7-3D560AAD8A96}"
EndProject
Global
	GlobalSection(SolutionConfigurationPlatforms) = preSolution
		Debug|Any CPU = Debug|Any CPU
		Release|Any CPU = Release|Any CPU
	EndGlobalSection
	GlobalSection(ProjectConfigurationPlatforms) = postSolution
		{D026193D-36C9-43D7-B3C7-3D560AAD8A96}.Debug|Any CPU.ActiveCfg = Debug|Any CPU
		{D026193D-36C9-43D7-B3C7-3D560AAD8A96}.Debug|Any CPU.Build.0 = Debug|Any CPU
		{D026193D-36C9-43D7-B3C7-3D560AAD8A96}.Release|Any CPU.ActiveCfg = Release|Any CPU
		{D026193D-36C9-43D7-B3C7-3D560AAD8A96}.Release|Any CPU.Build.0 = Release|Any CPU
	EndGlobalSection
	GlobalSection(SolutionProperties) = preSolution
		HideSolutionNode = FALSE
	EndGlobalSection
	GlobalSection(ExtensibilityGlobals) = postSolution
		SolutionGuid = {F882E11C-554C-49A9-B596-B411C7064718}
	EndGlobalSection
EndGlobal
